[[package]]
name = "et-xmlfile"
version = "1.1.0"
description = "An implementation of lxml.xmlfile for the standard library"
category = "main"
optional = false
python-versions = ">=3.6"

[[package]]
name = "fitparse"
version = "1.2.0"
description = "Python library to parse ANT/Garmin .FIT files"
category = "main"
optional = false
python-versions = "*"

[[package]]
name = "openpyxl"
version = "3.1.3"
description = "A Python library to read/write Excel 2010 xlsx/xlsm files"
category = "main"
optional = false
python-versions = ">=3.6"

[package.dependencies]
et-xmlfile = "*"

[metadata]
lock-version = "1.1"
python-versions = "^3.6.0"
content-hash = "413dc070e2de59e7b896f060f7580f7611041ab8143d160be5265cf4e148f087"

[metadata.files]
et-xmlfile = [
    {file = "et_xmlfile-1.1.0-py3-none-any.whl", hash = "sha256:a2ba85d1d6a74ef63837eed693bcb89c3f752169b0e3e7ae5b16ca5e1b3deada"},
    {file = "et_xmlfile-1.1.0.tar.gz", hash = "sha256:8eb9e2bc2f8c97e37a2dc85a09ecdcdec9d8a396530a6d5a33b30b9a92da0c5c"},
]
fitparse = [
    {file = "fitparse-1.2.0.tar.gz", hash = "sha256:2d691022452dea6dabad13cc6e017ca467fe8a3a895cd3ac67a50a7bb716b4a9"},
]
openpyxl = [
    {file = "openpyxl-3.1.3-py2.py3-none-any.whl", hash = "sha256:25071b558db709de9e8782c3d3e058af3b23ffb2fc6f40c8f0c45a154eced2c3"},
    {file = "openpyxl-3.1.3.tar.gz", hash = "sha256:8dd482e5350125b2388070bb2477927be2e8ebc27df61178709bc8c8751da2f9"},
]
