version = 1
revision = 3
requires-python = ">=3.6.0, <4"
resolution-markers = [
    "python_full_version >= '3.7'",
    "python_full_version < '3.7'",
]

[[package]]
name = "et-xmlfile"
version = "1.1.0"
source = { registry = "https://pypi.org/simple" }
sdist = { url = "https://files.pythonhosted.org/packages/3d/5d/0413a31d184a20c763ad741cc7852a659bf15094c24840c5bdd1754765cd/et_xmlfile-1.1.0.tar.gz", hash = "sha256:8eb9e2bc2f8c97e37a2dc85a09ecdcdec9d8a396530a6d5a33b30b9a92da0c5c", size = 3218, upload-time = "2021-04-26T13:26:05.068Z" }
wheels = [
    { url = "https://files.pythonhosted.org/packages/96/c2/3dd434b0108730014f1b96fd286040dc3bcb70066346f7e01ec2ac95865f/et_xmlfile-1.1.0-py3-none-any.whl", hash = "sha256:a2ba85d1d6a74ef63837eed693bcb89c3f752169b0e3e7ae5b16ca5e1b3deada", size = 4688, upload-time = "2021-04-26T13:26:03.429Z" },
]

[[package]]
name = "fitparse"
version = "1.2.0"
source = { registry = "https://pypi.org/simple" }
sdist = { url = "https://files.pythonhosted.org/packages/61/ed/5637fe96c56d55dfa6317ab16745f9a83ef2690d093cee8f0b59f983675f/fitparse-1.2.0.tar.gz", hash = "sha256:2d691022452dea6dabad13cc6e017ca467fe8a3a895cd3ac67a50a7bb716b4a9", size = 65716, upload-time = "2020-09-07T03:27:21.926Z" }

[[package]]
name = "fitparse-csv"
version = "0.1.0"
source = { editable = "." }
dependencies = [
    { name = "fitparse" },
    { name = "openpyxl" },
]

[package.dev-dependencies]
dev = [
    { name = "ruff", version = "0.0.17", source = { registry = "https://pypi.org/simple" }, marker = "python_full_version < '3.7'" },
    { name = "ruff", version = "0.14.2", source = { registry = "https://pypi.org/simple" }, marker = "python_full_version >= '3.7'" },
    { name = "xlrd" },
]

[package.metadata]
requires-dist = [
    { name = "fitparse", specifier = ">=1.2.0,<2" },
    { name = "openpyxl", specifier = ">=3.1.3,<4" },
]

[package.metadata.requires-dev]
dev = [
    { name = "ruff", specifier = ">=0.0.17" },
    { name = "xlrd", specifier = "==1.2.0" },
]

[[package]]
name = "openpyxl"
version = "3.1.3"
source = { registry = "https://pypi.org/simple" }
dependencies = [
    { name = "et-xmlfile" },
]
sdist = { url = "https://files.pythonhosted.org/packages/e5/3b/745ab106476cc3ff6c82a053f1560422966e0a6a6eaee2d4b706daa26428/openpyxl-3.1.3.tar.gz", hash = "sha256:8dd482e5350125b2388070bb2477927be2e8ebc27df61178709bc8c8751da2f9", size = 188705, upload-time = "2024-05-29T18:12:14.647Z" }
wheels = [
    { url = "https://files.pythonhosted.org/packages/58/d9/796181a30827b12101786c21301f0f4536597a9249530916b1fdb5bbad91/openpyxl-3.1.3-py2.py3-none-any.whl", hash = "sha256:25071b558db709de9e8782c3d3e058af3b23ffb2fc6f40c8f0c45a154eced2c3", size = 251340, upload-time = "2024-05-29T18:12:12.671Z" },
]

[[package]]
name = "ruff"
version = "0.0.17"
source = { registry = "https://pypi.org/simple" }
resolution-markers = [
    "python_full_version < '3.7'",
]
sdist = { url = "https://files.pythonhosted.org/packages/aa/ed/7adc91572c08f346976335f6b1b22774ea555d11043a9ff013f962affab5/ruff-0.0.17.tar.gz", hash = "sha256:5815383171ccbab333d6b6d54253e91003ee6be4627738d56855cbefc393df41", size = 54259, upload-time = "2022-08-29T16:47:10.981Z" }
wheels = [
    { url = "https://files.pythonhosted.org/packages/10/3b/4a6b289ab3ca80109402c15dd0fc83ef1c77572453b346a74ebc55666db5/ruff-0.0.17-cp310-cp310-macosx_10_7_x86_64.whl", hash = "sha256:2fa56d385b31462e26a605477c626023b16fb5a399b619ba0966d0d2b8d88eca", size = 1665731, upload-time = "2022-08-29T16:47:08.541Z" },
    { url = "https://files.pythonhosted.org/packages/3d/23/5e519dd38ae42a75f8e6a952a3c5ea842804e2cb8c60a1d72807131d8aba/ruff-0.0.17-cp310-cp310-macosx_10_9_x86_64.macosx_11_0_arm64.macosx_10_9_universal2.whl", hash = "sha256:4f5694f9876cde21b95ad9c1691d0513617d2e88c0749f400b866505217fd5a0", size = 3202527, upload-time = "2022-08-29T21:01:44.993Z" },
    { url = "https://files.pythonhosted.org/packages/9c/05/69872574ea3044cfbac4becef1c25c0b1227499c91c2232b83bad9bb104c/ruff-0.0.17-cp310-cp310-macosx_11_0_arm64.whl", hash = "sha256:d1349f4e5a4d53294fce92f42ecf881a73c180d71f14121461cac7d251abafd4", size = 1543942, upload-time = "2022-08-29T16:49:39.044Z" },
    { url = "https://files.pythonhosted.org/packages/24/16/e5c7cb9b77d1f64d94d507d0c3d7ef491a10dc75825f458cb1bb05ae41cf/ruff-0.0.17-cp310-cp310-manylinux_2_12_i686.manylinux2010_i686.whl", hash = "sha256:f4e60d690898be3c3bf24387e67ac89496a97eb8814b8c0f0670ea43b6e83ee2", size = 1788392, upload-time = "2022-08-29T18:37:19.118Z" },
    { url = "https://files.pythonhosted.org/packages/76/a4/dad616f277880963968d8a5e5719556f4ecadc7333c0da8bfb5060c5750c/ruff-0.0.17-cp310-cp310-manylinux_2_12_x86_64.manylinux2010_x86_64.whl", hash = "sha256:522cacc6e550a7d59ead3b0ca65623582d51bfe32f6c780770ccf5d1bc3246cb", size = 1758753, upload-time = "2022-08-29T18:37:20.967Z" },
    { url = "https://files.pythonhosted.org/packages/bc/44/08d68e219e2e7659991b467122f41326fde1e2e959107746ed7559f5e498/ruff-0.0.17-cp310-cp310-manylinux_2_17_aarch64.manylinux2014_aarch64.whl", hash = "sha256:e608511d0349a6211a0a123744cc0960f88539dbf62a0b8a77e3ee483237a6da", size = 1677835, upload-time = "2022-08-29T20:02:36.516Z" },
    { url = "https://files.pythonhosted.org/packages/d6/7d/4d897311a299007b8542bfcd83dff9b09db6a7130f48ad3252e8ba3740b9/ruff-0.0.17-cp310-cp310-manylinux_2_17_armv7l.manylinux2014_armv7l.whl", hash = "sha256:78f14cf1056ded6bda77162d7483e11a2f2a29763538422adaa5412654ff1a94", size = 1700213, upload-time = "2022-08-29T20:02:38.204Z" },
    { url = "https://files.pythonhosted.org/packages/90/af/2c5dfa97f6994cf462e2b1934662f730608eec7ccfd6b992bab1af002ce9/ruff-0.0.17-cp310-cp310-manylinux_2_17_ppc64le.manylinux2014_ppc64le.whl", hash = "sha256:f7cd7180893a3ed789c82838c8082fda074ba1cec46f383e255e696533f634be", size = 1894523, upload-time = "2022-08-29T21:01:46.767Z" },
    { url = "https://files.pythonhosted.org/packages/40/e8/74569b7b05ece82a9e298eed7e01b2ae18205cee88de0283d0647370d120/ruff-0.0.17-cp310-cp310-manylinux_2_17_s390x.manylinux2014_s390x.whl", hash = "sha256:a90917b0e9d2f851294e445f0b898fa94051c4d9edcc1ab6d40bc1129fb9bb1e", size = 2119346, upload-time = "2022-08-29T21:01:48.633Z" },
    { url = "https://files.pythonhosted.org/packages/7c/46/2cb84ccb0944c37208a2cea880ba8c6cb2a1752759771d385d6217de46b2/ruff-0.0.17-cp310-cp310-musllinux_1_2_aarch64.whl", hash = "sha256:9bb485eb3e0ba0c19ffd14b533659448c1c5e2958171e818fc1bc42c76f3d99a", size = 1679168, upload-time = "2022-08-29T19:17:07.593Z" },
    { url = "https://files.pythonhosted.org/packages/47/65/cfd4e305851fdb94b7c8147d9d839ed83f9a93a941cc89d71e633a094642/ruff-0.0.17-cp310-cp310-musllinux_1_2_armv7l.whl", hash = "sha256:f3a399e4d211cdbec9229a89b1b7e77345eae881e9c3682fef7e90044de6a864", size = 1715985, upload-time = "2022-08-29T19:17:09.644Z" },
    { url = "https://files.pythonhosted.org/packages/23/7a/96a4e5c51bab9538d9ee27a0eba95bd790d120bcc76a195417abbfb2cc81/ruff-0.0.17-cp310-cp310-musllinux_1_2_i686.whl", hash = "sha256:80fe80b12ea042b9f0d8e80608db400e0c8e419d74a4dcf8b3b4fea9ec03362f", size = 1782188, upload-time = "2022-08-29T19:08:59.22Z" },
    { url = "https://files.pythonhosted.org/packages/fb/3c/92267e9b9336bb1ba9ba7f5e3b9028e57ee4d77f32f728992c23da69ab53/ruff-0.0.17-cp310-cp310-musllinux_1_2_x86_64.whl", hash = "sha256:3b067ed2bd3fd0d4be591ea9afc796c07706291d78efe5a8eda4172c4d43525c", size = 1812203, upload-time = "2022-08-29T19:09:00.545Z" },
    { url = "https://files.pythonhosted.org/packages/ca/d9/52cef313261a61931c4f3be228a774c5dad89f45042518d0f483864902ca/ruff-0.0.17-cp310-none-win32.whl", hash = "sha256:e3aba30e3aad77f260095ea1dbcf2834ab64d75133ff8d260625bb22887e2799", size = 1626413, upload-time = "2022-08-29T18:37:22.548Z" },
    { url = "https://files.pythonhosted.org/packages/fe/d7/741e229667d0038d004783286ea6fa4554ff7a3b52bfe9b26b0380462e56/ruff-0.0.17-cp310-none-win_amd64.whl", hash = "sha256:a068bced7aff34173319931972fde3d7e68e3894915edac4e0f8c9b7bec7a226", size = 1654976, upload-time = "2022-08-29T18:37:23.82Z" },
    { url = "https://files.pythonhosted.org/packages/20/50/470c8688e96fecac2096205cb45438676f6277b9c713a0aa1c4e633af503/ruff-0.0.17-cp37-cp37m-macosx_10_7_x86_64.whl", hash = "sha256:b708d650c2ba25458d9e735c51981b687bf6747a4b28403eb7f6bae1aa93cfcf", size = 1665730, upload-time = "2022-08-29T16:46:59.823Z" },
    { url = "https://files.pythonhosted.org/packages/13/13/f68c059cafb95122214c2defac7005c8a5ce278c7f1768d6849c167df07a/ruff-0.0.17-cp37-cp37m-macosx_11_0_arm64.whl", hash = "sha256:91019d271c223a4c562dbc2fbf2a2a96157524999a1173a4c858816d0c1bb9e7", size = 1543941, upload-time = "2022-08-29T16:49:25.657Z" },
    { url = "https://files.pythonhosted.org/packages/70/e9/353db015927b6336bffbb7fe16af3bf76e860ab0fbddd66bf0a6995a2bfa/ruff-0.0.17-cp37-cp37m-manylinux_2_12_i686.manylinux2010_i686.whl", hash = "sha256:edbaf1c7f6b6483a206e549026f03ef7e04e480b5204437e21370de508dcf736", size = 1788393, upload-time = "2022-08-29T18:37:25.212Z" },
    { url = "https://files.pythonhosted.org/packages/32/e5/2c41a62d58763948fa332619226cb11ded2ec161c678d70b7991b839ecf5/ruff-0.0.17-cp37-cp37m-manylinux_2_12_x86_64.manylinux2010_x86_64.whl", hash = "sha256:52110ed886d674497531d44ead5fa2fe99be930adfc9cec4b1f39409043efb13", size = 1758755, upload-time = "2022-08-29T18:37:26.822Z" },
    { url = "https://files.pythonhosted.org/packages/3f/a9/f0cc3416b6f2e3755c8b37271112c609dfdf862b2825d86f4fc926eee037/ruff-0.0.17-cp37-cp37m-manylinux_2_17_aarch64.manylinux2014_aarch64.whl", hash = "sha256:febfbe4fa02e680b93b3fc2dcb0ffe5d601435c9719a51e35fe51fff1d0cc2c6", size = 1677834, upload-time = "2022-08-29T21:01:50.383Z" },
    { url = "https://files.pythonhosted.org/packages/ed/54/ad7286c9e136260eaf8d6236202384dfe71a884a7b31288e129a43c33cb7/ruff-0.0.17-cp37-cp37m-manylinux_2_17_armv7l.manylinux2014_armv7l.whl", hash = "sha256:a6e72d62bd47f086d14ea5796ea18d1b98089a839dad693afa471a1fcdb6ae0d", size = 1700213, upload-time = "2022-08-29T21:01:52.228Z" },
    { url = "https://files.pythonhosted.org/packages/bd/f7/12a3cfa5b88485ecdc724d0e915a8ebe4dfebfa94422855a445850564d01/ruff-0.0.17-cp37-cp37m-manylinux_2_17_ppc64le.manylinux2014_ppc64le.whl", hash = "sha256:27d1bd7c71a90522e383853e411fcb402ccdcaf8778c6e0d54359153772f7870", size = 1894524, upload-time = "2022-08-29T21:01:53.62Z" },
    { url = "https://files.pythonhosted.org/packages/e2/1a/1ab955830e84dcad9f606954d5b1094e186de144a2ad37247aa37145cbcd/ruff-0.0.17-cp37-cp37m-manylinux_2_17_s390x.manylinux2014_s390x.whl", hash = "sha256:5bed7beec36834e6fc40a03af92bc0da67599c70fbe24d8d820a1a2110b25eaf", size = 2119348, upload-time = "2022-08-29T21:01:55.342Z" },
    { url = "https://files.pythonhosted.org/packages/3c/00/a67b2904d92034abd2f35a4d930eae08abf64106f64a90a67770395db8a7/ruff-0.0.17-cp37-none-win32.whl", hash = "sha256:c664d897e21b9aab2b20c764434653aa394e32c32d38e751fd4f381ace3a4e58", size = 1626410, upload-time = "2022-08-29T18:37:28.285Z" },
    { url = "https://files.pythonhosted.org/packages/9c/a9/dacfff99065b0588ff9cf07411d7bbc8a167d1542d92a7e46f5825e262fa/ruff-0.0.17-cp37-none-win_amd64.whl", hash = "sha256:8c5900fd09baa2c7a4aecbdc754d3a43f2842906ee571812fa3eb28b8e7973a5", size = 1654975, upload-time = "2022-08-29T18:37:29.631Z" },
    { url = "https://files.pythonhosted.org/packages/f3/a9/e5a048d209e246b3702a23540b1e09faa79b313b1b23f27993e33df3b01a/ruff-0.0.17-cp38-cp38-macosx_10_7_x86_64.whl", hash = "sha256:db04c29f114c68f447aeec23f9be6118ea11a18a2444416cb4afb0fd918e50db", size = 1665728, upload-time = "2022-08-29T16:47:02.676Z" },
    { url = "https://files.pythonhosted.org/packages/32/3d/13114ef5793e43fd5c8ee17047fbdc86e9eacb81f708c0e01ca9d5db773f/ruff-0.0.17-cp38-cp38-macosx_10_9_x86_64.macosx_11_0_arm64.macosx_10_9_universal2.whl", hash = "sha256:8527c8aacdd0e911c6f7d6f1b109a17e68300ac0f255ccce73e748bb8835c722", size = 3202527, upload-time = "2022-08-29T21:01:56.852Z" },
    { url = "https://files.pythonhosted.org/packages/09/3f/657daee09a7412bda8af1963d6dd1b4adfdbc0e2d37c7261984fc4953e19/ruff-0.0.17-cp38-cp38-macosx_11_0_arm64.whl", hash = "sha256:889aa57c771140ec6b17e15af8308e88e43a07b7369b97cb0426e1393e3d10b5", size = 1543942, upload-time = "2022-08-29T16:49:30.404Z" },
    { url = "https://files.pythonhosted.org/packages/c1/6b/15e1c6744216236a3a08a8e40e318c329f86febdee7a1d62e3c449d75009/ruff-0.0.17-cp38-cp38-manylinux_2_12_i686.manylinux2010_i686.whl", hash = "sha256:7be31e77c1f98d9d02a7f6f2d4c05e8236cd9c82d0c3356b083162a011fc4d23", size = 1788391, upload-time = "2022-08-29T18:37:31.602Z" },
    { url = "https://files.pythonhosted.org/packages/ff/fa/0cf5c91b2d415416ef0d534a8f19bdc07d11a52fd54aface524d006be1ce/ruff-0.0.17-cp38-cp38-manylinux_2_12_x86_64.manylinux2010_x86_64.whl", hash = "sha256:fe0c047d6fc74b55fcd1ac4f18110500ba871de2014039e4838ed7444d3459ff", size = 1758753, upload-time = "2022-08-29T18:37:33.082Z" },
    { url = "https://files.pythonhosted.org/packages/8f/8b/ac8d7a1cce151c74fa9458f0297ca6fc287f9fe1a57fe710f99de970bfdb/ruff-0.0.17-cp38-cp38-manylinux_2_17_aarch64.manylinux2014_aarch64.whl", hash = "sha256:e4933e275f0c3af3a78ecf1f9a4e12cc0426cd76398c7e904786f99c1ea8a0dd", size = 1677834, upload-time = "2022-08-29T21:01:58.45Z" },
    { url = "https://files.pythonhosted.org/packages/9f/38/e51bff666939e38155ef12930e6c1d4970f5a28c7f1ff3867e97b00a4cd0/ruff-0.0.17-cp38-cp38-manylinux_2_17_armv7l.manylinux2014_armv7l.whl", hash = "sha256:3a9f2fb8b3bac67d0fa9e50411ab424a863e4bc29a3336a046cc38f06d3ec17f", size = 1700211, upload-time = "2022-08-29T21:02:00.948Z" },
    { url = "https://files.pythonhosted.org/packages/e2/96/949c17bed22816136d8e0456a242059da202e316ca4510715560c026d0d8/ruff-0.0.17-cp38-cp38-manylinux_2_17_ppc64le.manylinux2014_ppc64le.whl", hash = "sha256:5d45439cbe73332a064306c39528d6bbf4856abb6d377ad8244b6e74a737daaa", size = 1894522, upload-time = "2022-08-29T21:02:02.953Z" },
    { url = "https://files.pythonhosted.org/packages/89/61/cec1cd7093eea58e083060fc66c3fcf758737785a21b752fc568f57eabab/ruff-0.0.17-cp38-cp38-manylinux_2_17_s390x.manylinux2014_s390x.whl", hash = "sha256:f7433f20d39a3819e322a3497dce037c6110f9588ec51ba136a938109dd31e71", size = 2119345, upload-time = "2022-08-29T21:02:04.273Z" },
    { url = "https://files.pythonhosted.org/packages/a9/32/27bb21e91e0e7d6e76be6d5fce844c3ac52278ae49d8964eb356a024cf26/ruff-0.0.17-cp38-none-win32.whl", hash = "sha256:5f8f4f4310018807402c77d81ae020666b742d2173a73b147ce0d1e0a08f022f", size = 1626409, upload-time = "2022-08-29T18:37:34.495Z" },
    { url = "https://files.pythonhosted.org/packages/d0/3f/cd9d27f2dbbd4975c7880d8284f893ea99cf73c646f453b9cef1b3924db5/ruff-0.0.17-cp38-none-win_amd64.whl", hash = "sha256:f0d0e8058d903b8fe899e04e1a957127ca97452553cf70ba9b4d1b277f034ad1", size = 1654979, upload-time = "2022-08-29T18:37:35.864Z" },
    { url = "https://files.pythonhosted.org/packages/d3/4e/c854d4587c180936b33eac57344b11f52564878d2939fd6d9d842fa6e5ae/ruff-0.0.17-cp39-cp39-macosx_10_7_x86_64.whl", hash = "sha256:e6f24c3746d199bdb0d47149ed5353a41f0192630911396822fda0f8a6feaa0b", size = 1665735, upload-time = "2022-08-29T16:47:06.002Z" },
    { url = "https://files.pythonhosted.org/packages/49/8b/8d2de1c9f7e2056bd4edaea393d6ad3494e75e99136cf127402afb4c496c/ruff-0.0.17-cp39-cp39-macosx_10_9_x86_64.macosx_11_0_arm64.macosx_10_9_universal2.whl", hash = "sha256:71cb773b19240f1be64c5f71aa2ad52b9f44fde1605c2c2f4089a5d61cb552d2", size = 3202528, upload-time = "2022-08-29T21:02:06.208Z" },
    { url = "https://files.pythonhosted.org/packages/aa/9f/7235c23ed12dfd44823d3a127d5654cc2fbfbe3daa1aca00c43ad2ccd519/ruff-0.0.17-cp39-cp39-macosx_11_0_arm64.whl", hash = "sha256:bab716debcab46d9a1d7c8d00e2acf2b48ff28ec519b2b4c0eba873236782c21", size = 1543942, upload-time = "2022-08-29T16:49:33.817Z" },
    { url = "https://files.pythonhosted.org/packages/2e/69/1d4a2819146458d478e8c8a194452da263ab60202083d8eba02307fde216/ruff-0.0.17-cp39-cp39-manylinux_2_12_i686.manylinux2010_i686.whl", hash = "sha256:ef57186452c0cfe71f09dac434bda0f1a804808f92221142adb9de28c3f422e6", size = 1788392, upload-time = "2022-08-29T18:08:57.797Z" },
    { url = "https://files.pythonhosted.org/packages/c2/35/c3e2a3c3690e732860342b16e606795e977d87a90176ed1dae13c001ee86/ruff-0.0.17-cp39-cp39-manylinux_2_12_x86_64.manylinux2010_x86_64.whl", hash = "sha256:8b00be13abaf107c30b8bcaf2ac89dc2b3abd164728c229339910211c05e8c43", size = 1758753, upload-time = "2022-08-29T18:08:59.165Z" },
    { url = "https://files.pythonhosted.org/packages/ad/3d/7d71456c7e1c543ed223b400a2e962a344b5467a27e196c4dd6f2d1d30c3/ruff-0.0.17-cp39-cp39-manylinux_2_17_aarch64.manylinux2014_aarch64.whl", hash = "sha256:e9c1ba3383995091ce6f3618e89f1bb0ed5caa730f64bb79a1c60184682dc5c3", size = 1677834, upload-time = "2022-08-29T21:02:08.287Z" },
    { url = "https://files.pythonhosted.org/packages/f3/73/e87e31367fe7af0a027672e49703b61ea6566912d09e34a8e3e43bce3455/ruff-0.0.17-cp39-cp39-manylinux_2_17_armv7l.manylinux2014_armv7l.whl", hash = "sha256:865114aa655dc54e5699f18b258a33a15a36da915de4936d7a458425e7f6351d", size = 1700211, upload-time = "2022-08-29T21:02:09.693Z" },
    { url = "https://files.pythonhosted.org/packages/2b/27/7449e2a8bca1957c0e2d57316ca8fdcdf8d83277b23d50a33bdded703aa6/ruff-0.0.17-cp39-cp39-manylinux_2_17_ppc64le.manylinux2014_ppc64le.whl", hash = "sha256:a390b4657cc1eebd9bb0e581da768aa557b1157f5eeed6fc8b5b920991061b04", size = 1894520, upload-time = "2022-08-29T21:02:11.053Z" },
    { url = "https://files.pythonhosted.org/packages/80/39/db6441f33216e25e5dba811e9d908cff898df7c9930006c735ba6578dd65/ruff-0.0.17-cp39-cp39-manylinux_2_17_s390x.manylinux2014_s390x.whl", hash = "sha256:d3fec0e9e8f285324127b97c55b525fe61e8e16e93e1a03d34aba80e3aff9f21", size = 2119346, upload-time = "2022-08-29T21:02:12.849Z" },
    { url = "https://files.pythonhosted.org/packages/73/cb/d7ae9d2276f23f89642df0af808c85acc632aceca5d7039ae3afe4585afb/ruff-0.0.17-cp39-none-win32.whl", hash = "sha256:3f063c889d65d71fb189d6246ccd537c23c9d0f6e483c961ac0b5e8477d6e3ca", size = 1626409, upload-time = "2022-08-29T18:37:37.893Z" },
    { url = "https://files.pythonhosted.org/packages/d8/a7/3ccc344a2b228a15b52217ed2a2982214ad77684745c3e09ace2b1f8e9bf/ruff-0.0.17-cp39-none-win_amd64.whl", hash = "sha256:4ba403b8a5f38753ed3ba7ca16fb7c67eaee96a4e4a9e9709f3ad8cd3909012c", size = 1654973, upload-time = "2022-08-29T18:37:39.226Z" },
]

[[package]]
name = "ruff"
version = "0.14.2"
source = { registry = "https://pypi.org/simple" }
resolution-markers = [
    "python_full_version >= '3.7'",
]
sdist = { url = "https://files.pythonhosted.org/packages/ee/34/8218a19b2055b80601e8fd201ec723c74c7fe1ca06d525a43ed07b6d8e85/ruff-0.14.2.tar.gz", hash = "sha256:98da787668f239313d9c902ca7c523fe11b8ec3f39345553a51b25abc4629c96", size = 5539663, upload-time = "2025-10-23T19:37:00.956Z" }
wheels = [
    { url = "https://files.pythonhosted.org/packages/16/dd/23eb2db5ad9acae7c845700493b72d3ae214dce0b226f27df89216110f2b/ruff-0.14.2-py3-none-linux_armv6l.whl", hash = "sha256:7cbe4e593505bdec5884c2d0a4d791a90301bc23e49a6b1eb642dd85ef9c64f1", size = 12533390, upload-time = "2025-10-23T19:36:18.044Z" },
    { url = "https://files.pythonhosted.org/packages/5a/8c/5f9acff43ddcf3f85130d0146d0477e28ccecc495f9f684f8f7119b74c0d/ruff-0.14.2-py3-none-macosx_10_12_x86_64.whl", hash = "sha256:8d54b561729cee92f8d89c316ad7a3f9705533f5903b042399b6ae0ddfc62e11", size = 12887187, upload-time = "2025-10-23T19:36:22.664Z" },
    { url = "https://files.pythonhosted.org/packages/99/fa/047646491479074029665022e9f3dc6f0515797f40a4b6014ea8474c539d/ruff-0.14.2-py3-none-macosx_11_0_arm64.whl", hash = "sha256:5c8753dfa44ebb2cde10ce5b4d2ef55a41fb9d9b16732a2c5df64620dbda44a3", size = 11925177, upload-time = "2025-10-23T19:36:24.778Z" },
    { url = "https://files.pythonhosted.org/packages/15/8b/c44cf7fe6e59ab24a9d939493a11030b503bdc2a16622cede8b7b1df0114/ruff-0.14.2-py3-none-manylinux_2_17_aarch64.manylinux2014_aarch64.whl", hash = "sha256:3d0bbeffb8d9f4fccf7b5198d566d0bad99a9cb622f1fc3467af96cb8773c9e3", size = 12358285, upload-time = "2025-10-23T19:36:26.979Z" },
    { url = "https://files.pythonhosted.org/packages/45/01/47701b26254267ef40369aea3acb62a7b23e921c27372d127e0f3af48092/ruff-0.14.2-py3-none-manylinux_2_17_armv7l.manylinux2014_armv7l.whl", hash = "sha256:7047f0c5a713a401e43a88d36843d9c83a19c584e63d664474675620aaa634a8", size = 12303832, upload-time = "2025-10-23T19:36:29.192Z" },
    { url = "https://files.pythonhosted.org/packages/2d/5c/ae7244ca4fbdf2bee9d6405dcd5bc6ae51ee1df66eb7a9884b77b8af856d/ruff-0.14.2-py3-none-manylinux_2_17_i686.manylinux2014_i686.whl", hash = "sha256:3bf8d2f9aa1602599217d82e8e0af7fd33e5878c4d98f37906b7c93f46f9a839", size = 13036995, upload-time = "2025-10-23T19:36:31.861Z" },
    { url = "https://files.pythonhosted.org/packages/27/4c/0860a79ce6fd4c709ac01173f76f929d53f59748d0dcdd662519835dae43/ruff-0.14.2-py3-none-manylinux_2_17_ppc64.manylinux2014_ppc64.whl", hash = "sha256:1c505b389e19c57a317cf4b42db824e2fca96ffb3d86766c1c9f8b96d32048a7", size = 14512649, upload-time = "2025-10-23T19:36:33.915Z" },
    { url = "https://files.pythonhosted.org/packages/7f/7f/d365de998069720a3abfc250ddd876fc4b81a403a766c74ff9bde15b5378/ruff-0.14.2-py3-none-manylinux_2_17_ppc64le.manylinux2014_ppc64le.whl", hash = "sha256:a307fc45ebd887b3f26b36d9326bb70bf69b01561950cdcc6c0bdf7bb8e0f7cc", size = 14088182, upload-time = "2025-10-23T19:36:36.983Z" },
    { url = "https://files.pythonhosted.org/packages/6c/ea/d8e3e6b209162000a7be1faa41b0a0c16a133010311edc3329753cc6596a/ruff-0.14.2-py3-none-manylinux_2_17_s390x.manylinux2014_s390x.whl", hash = "sha256:61ae91a32c853172f832c2f40bd05fd69f491db7289fb85a9b941ebdd549781a", size = 13599516, upload-time = "2025-10-23T19:36:39.208Z" },
    { url = "https://files.pythonhosted.org/packages/fa/ea/c7810322086db68989fb20a8d5221dd3b79e49e396b01badca07b433ab45/ruff-0.14.2-py3-none-manylinux_2_17_x86_64.manylinux2014_x86_64.whl", hash = "sha256:bc1967e40286f63ee23c615e8e7e98098dedc7301568bd88991f6e544d8ae096", size = 13272690, upload-time = "2025-10-23T19:36:41.453Z" },
    { url = "https://files.pythonhosted.org/packages/a9/39/10b05acf8c45786ef501d454e00937e1b97964f846bf28883d1f9619928a/ruff-0.14.2-py3-none-manylinux_2_31_riscv64.whl", hash = "sha256:2877f02119cdebf52a632d743a2e302dea422bfae152ebe2f193d3285a3a65df", size = 13496497, upload-time = "2025-10-23T19:36:43.61Z" },
    { url = "https://files.pythonhosted.org/packages/59/a1/1f25f8301e13751c30895092485fada29076e5e14264bdacc37202e85d24/ruff-0.14.2-py3-none-musllinux_1_2_aarch64.whl", hash = "sha256:e681c5bc777de5af898decdcb6ba3321d0d466f4cb43c3e7cc2c3b4e7b843a05", size = 12266116, upload-time = "2025-10-23T19:36:45.625Z" },
    { url = "https://files.pythonhosted.org/packages/5c/fa/0029bfc9ce16ae78164e6923ef392e5f173b793b26cc39aa1d8b366cf9dc/ruff-0.14.2-py3-none-musllinux_1_2_armv7l.whl", hash = "sha256:e21be42d72e224736f0c992cdb9959a2fa53c7e943b97ef5d081e13170e3ffc5", size = 12281345, upload-time = "2025-10-23T19:36:47.618Z" },
    { url = "https://files.pythonhosted.org/packages/a5/ab/ece7baa3c0f29b7683be868c024f0838770c16607bea6852e46b202f1ff6/ruff-0.14.2-py3-none-musllinux_1_2_i686.whl", hash = "sha256:b8264016f6f209fac16262882dbebf3f8be1629777cf0f37e7aff071b3e9b92e", size = 12629296, upload-time = "2025-10-23T19:36:49.789Z" },
    { url = "https://files.pythonhosted.org/packages/a4/7f/638f54b43f3d4e48c6a68062794e5b367ddac778051806b9e235dfb7aa81/ruff-0.14.2-py3-none-musllinux_1_2_x86_64.whl", hash = "sha256:5ca36b4cb4db3067a3b24444463ceea5565ea78b95fe9a07ca7cb7fd16948770", size = 13371610, upload-time = "2025-10-23T19:36:51.882Z" },
    { url = "https://files.pythonhosted.org/packages/8d/35/3654a973ebe5b32e1fd4a08ed2d46755af7267da7ac710d97420d7b8657d/ruff-0.14.2-py3-none-win32.whl", hash = "sha256:41775927d287685e08f48d8eb3f765625ab0b7042cc9377e20e64f4eb0056ee9", size = 12415318, upload-time = "2025-10-23T19:36:53.961Z" },
    { url = "https://files.pythonhosted.org/packages/71/30/3758bcf9e0b6a4193a6f51abf84254aba00887dfa8c20aba18aa366c5f57/ruff-0.14.2-py3-none-win_amd64.whl", hash = "sha256:0df3424aa5c3c08b34ed8ce099df1021e3adaca6e90229273496b839e5a7e1af", size = 13565279, upload-time = "2025-10-23T19:36:56.578Z" },
    { url = "https://files.pythonhosted.org/packages/2e/5d/aa883766f8ef9ffbe6aa24f7192fb71632f31a30e77eb39aa2b0dc4290ac/ruff-0.14.2-py3-none-win_arm64.whl", hash = "sha256:ea9d635e83ba21569fbacda7e78afbfeb94911c9434aff06192d9bc23fd5495a", size = 12554956, upload-time = "2025-10-23T19:36:58.714Z" },
]

[[package]]
name = "xlrd"
version = "1.2.0"
source = { registry = "https://pypi.org/simple" }
sdist = { url = "https://files.pythonhosted.org/packages/aa/05/ec9d4fcbbb74bbf4da9f622b3b61aec541e4eccf31d3c60c5422ec027ce2/xlrd-1.2.0.tar.gz", hash = "sha256:546eb36cee8db40c3eaa46c351e67ffee6eeb5fa2650b71bc4c758a29a1b29b2", size = 554079, upload-time = "2018-12-15T17:47:48.133Z" }
wheels = [
    { url = "https://files.pythonhosted.org/packages/b0/16/63576a1a001752e34bf8ea62e367997530dc553b689356b9879339cf45a4/xlrd-1.2.0-py2.py3-none-any.whl", hash = "sha256:e551fb498759fa3a5384a94ccd4c3c02eb7c00ea424426e212ac0c57be9dfbde", size = 103251, upload-time = "2018-12-15T17:47:45.792Z" },
]
